
Microsoft Visual Studio Solution File, Format Version 12.00
# Visual Studio 15
VisualStudioVersion = 15.0.26730.10
MinimumVisualStudioVersion = 10.0.40219.1
Project("{888888A0-9F3D-457C-B088-3A5042F75D52}") = "LogisticRegressionNeuralNetwork", "LogisticRegressionNeuralNetwork.pyproj", "{E073FAC5-1701-4C95-A74B-CF213C177193}"
EndProject
Global
	GlobalSection(SolutionConfigurationPlatforms) = preSolution
		Debug|Any CPU = Debug|Any CPU
		Release|Any CPU = Release|Any CPU
	EndGlobalSection
	GlobalSection(ProjectConfigurationPlatforms) = postSolution
		{E073FAC5-1701-4C95-A74B-CF213C177193}.Debug|Any CPU.ActiveCfg = Debug|Any CPU
		{E073FAC5-1701-4C95-A74B-CF213C177193}.Release|Any CPU.ActiveCfg = Release|Any CPU
	EndGlobalSection
	GlobalSection(SolutionProperties) = preSolution
		HideSolutionNode = FALSE
	EndGlobalSection
	GlobalSection(ExtensibilityGlobals) = postSolution
		SolutionGuid = {29F2C927-350E-4146-A88D-1F5EC5C6FE94}
	EndGlobalSection
EndGlobal
